
Microsoft Visual Studio Solution File, Format Version 12.00
# Visual Studio Version 17
VisualStudioVersion = 17.3.32811.315
MinimumVisualStudioVersion = 10.0.40219.1
Project("{FAE04EC0-301F-11D3-BF4B-00C04F79EFBC}") = "NetRabbitmq.Api", "NetRabbitmq.Api\NetRabbitmq.Api.csproj", "{8E32FA96-3993-4642-BDE9-E192C8893B06}"
EndProject
Project("{FAE04EC0-301F-11D3-BF4B-00C04F79EFBC}") = "NetRabbitmq.Shared", "NetRabbitmq.Shared\NetRabbitmq.Shared.csproj", "{2174BEAC-3B96-493A-9F4B-F67C38B9B510}"
EndProject
Project("{FAE04EC0-301F-11D3-BF4B-00C04F79EFBC}") = "NetRabbitmq.Worker", "NetRabbitmq.Worker\NetRabbitmq.Worker.csproj", "{5C03DC9A-40DE-4E5F-A66B-D4B934A4589B}"
EndProject
Project("{2150E333-8FDC-42A3-9474-1A3956D46DE8}") = "Solution Items", "Solution Items", "{0186BA59-835D-47D1-A42F-74AD3A7B47EE}"
	ProjectSection(SolutionItems) = preProject
		..\..\..\..\..\Projetos\Docker\RabbitMQ\docker-compose.yml = ..\..\..\..\..\Projetos\Docker\RabbitMQ\docker-compose.yml
	EndProjectSection
EndProject
Global
	GlobalSection(SolutionConfigurationPlatforms) = preSolution
		Debug|Any CPU = Debug|Any CPU
		Release|Any CPU = Release|Any CPU
	EndGlobalSection
	GlobalSection(ProjectConfigurationPlatforms) = postSolution
		{8E32FA96-3993-4642-BDE9-E192C8893B06}.Debug|Any CPU.ActiveCfg = Debug|Any CPU
		{8E32FA96-3993-4642-BDE9-E192C8893B06}.Debug|Any CPU.Build.0 = Debug|Any CPU
		{8E32FA96-3993-4642-BDE9-E192C8893B06}.Release|Any CPU.ActiveCfg = Release|Any CPU
		{8E32FA96-3993-4642-BDE9-E192C8893B06}.Release|Any CPU.Build.0 = Release|Any CPU
		{2174BEAC-3B96-493A-9F4B-F67C38B9B510}.Debug|Any CPU.ActiveCfg = Debug|Any CPU
		{2174BEAC-3B96-493A-9F4B-F67C38B9B510}.Debug|Any CPU.Build.0 = Debug|Any CPU
		{2174BEAC-3B96-493A-9F4B-F67C38B9B510}.Release|Any CPU.ActiveCfg = Release|Any CPU
		{2174BEAC-3B96-493A-9F4B-F67C38B9B510}.Release|Any CPU.Build.0 = Release|Any CPU
		{5C03DC9A-40DE-4E5F-A66B-D4B934A4589B}.Debug|Any CPU.ActiveCfg = Debug|Any CPU
		{5C03DC9A-40DE-4E5F-A66B-D4B934A4589B}.Debug|Any CPU.Build.0 = Debug|Any CPU
		{5C03DC9A-40DE-4E5F-A66B-D4B934A4589B}.Release|Any CPU.ActiveCfg = Release|Any CPU
		{5C03DC9A-40DE-4E5F-A66B-D4B934A4589B}.Release|Any CPU.Build.0 = Release|Any CPU
	EndGlobalSection
	GlobalSection(SolutionProperties) = preSolution
		HideSolutionNode = FALSE
	EndGlobalSection
	GlobalSection(ExtensibilityGlobals) = postSolution
		SolutionGuid = {21686A68-4EB1-4DFE-BD9F-EA9E4B189792}
	EndGlobalSection
EndGlobal
